
Microsoft Visual Studio Solution File, Format Version 12.00
# Visual Studio Version 16
VisualStudioVersion = 16.0.31402.337
MinimumVisualStudioVersion = 10.0.40219.1
Project("{2150E333-8FDC-42A3-9474-1A3956D46DE8}") = "RecipeApp.Application", "RecipeApp.Application", "{C9A85901-6C3A-43C4-8607-68F92FBEAB0B}"
EndProject
Project("{2150E333-8FDC-42A3-9474-1A3956D46DE8}") = "RecipeApp.Domain", "RecipeApp.Domain", "{844DF6B8-EA06-4F9A-A6EA-D7DE43A2CC8C}"
EndProject
Project("{2150E333-8FDC-42A3-9474-1A3956D46DE8}") = "RecipeApp.Infra", "RecipeApp.Infra", "{0B0F5C9C-DA80-43F5-8421-65D536D98B9A}"
EndProject
Project("{2150E333-8FDC-42A3-9474-1A3956D46DE8}") = "RecipeApp.Presentation", "RecipeApp.Presentation", "{B18F36E1-8BBD-49D4-A33F-52C230715C38}"
EndProject
Project("{2150E333-8FDC-42A3-9474-1A3956D46DE8}") = "RecipeApp.Service", "RecipeApp.Service", "{FF413459-C704-4F89-BAFD-22B67D84326B}"
EndProject
Global
	GlobalSection(SolutionProperties) = preSolution
		HideSolutionNode = FALSE
	EndGlobalSection
	GlobalSection(ExtensibilityGlobals) = postSolution
		SolutionGuid = {267FFE2D-FE9E-4DF0-AE5A-E05ADF25A917}
	EndGlobalSection
EndGlobal
